
Microsoft Visual Studio Solution File, Format Version 12.00
# Visual Studio Version 16
VisualStudioVersion = 16.0.29306.81
MinimumVisualStudioVersion = 10.0.40219.1
Project("{FAE04EC0-301F-11D3-BF4B-00C04F79EFBC}") = "Duke's_Pizza", "Pizzzeria_Ver1.0\Duke's_Pizza.csproj", "{5E848A09-F89F-40C0-A11E-B953B582D400}"
EndProject
Global
	GlobalSection(SolutionConfigurationPlatforms) = preSolution
		Debug|Any CPU = Debug|Any CPU
		Release|Any CPU = Release|Any CPU
	EndGlobalSection
	GlobalSection(ProjectConfigurationPlatforms) = postSolution
		{5E848A09-F89F-40C0-A11E-B953B582D400}.Debug|Any CPU.ActiveCfg = Debug|Any CPU
		{5E848A09-F89F-40C0-A11E-B953B582D400}.Debug|Any CPU.Build.0 = Debug|Any CPU
		{5E848A09-F89F-40C0-A11E-B953B582D400}.Release|Any CPU.ActiveCfg = Release|Any CPU
		{5E848A09-F89F-40C0-A11E-B953B582D400}.Release|Any CPU.Build.0 = Release|Any CPU
	EndGlobalSection
	GlobalSection(SolutionProperties) = preSolution
		HideSolutionNode = FALSE
	EndGlobalSection
	GlobalSection(ExtensibilityGlobals) = postSolution
		SolutionGuid = {1997DA6D-47AA-4E76-9FB2-F80CD37F66CC}
	EndGlobalSection
EndGlobal
